
Microsoft Visual Studio Solution File, Format Version 12.00
# Visual Studio Version 16
VisualStudioVersion = 16.0.29613.14
MinimumVisualStudioVersion = 10.0.40219.1
Project("{FAE04EC0-301F-11D3-BF4B-00C04F79EFBC}") = "Tools.Api", "Tools.Api\Tools.Api.csproj", "{D8178AE1-F66C-451A-9889-29A2251C04D3}"
EndProject
Project("{FAE04EC0-301F-11D3-BF4B-00C04F79EFBC}") = "Tools.Common", "Tools.Common\Tools.Common.csproj", "{856CBE78-B114-43FB-938C-D434F3B9B359}"
EndProject
Project("{FAE04EC0-301F-11D3-BF4B-00C04F79EFBC}") = "Tool.Entity", "Tool.Entity\Tool.Entity.csproj", "{181EA50D-9642-46E7-86FC-6D62B7D186ED}"
EndProject
Global
	GlobalSection(SolutionConfigurationPlatforms) = preSolution
		Debug|Any CPU = Debug|Any CPU
		Release|Any CPU = Release|Any CPU
	EndGlobalSection
	GlobalSection(ProjectConfigurationPlatforms) = postSolution
		{D8178AE1-F66C-451A-9889-29A2251C04D3}.Debug|Any CPU.ActiveCfg = Debug|Any CPU
		{D8178AE1-F66C-451A-9889-29A2251C04D3}.Debug|Any CPU.Build.0 = Debug|Any CPU
		{D8178AE1-F66C-451A-9889-29A2251C04D3}.Release|Any CPU.ActiveCfg = Release|Any CPU
		{D8178AE1-F66C-451A-9889-29A2251C04D3}.Release|Any CPU.Build.0 = Release|Any CPU
		{856CBE78-B114-43FB-938C-D434F3B9B359}.Debug|Any CPU.ActiveCfg = Debug|Any CPU
		{856CBE78-B114-43FB-938C-D434F3B9B359}.Debug|Any CPU.Build.0 = Debug|Any CPU
		{856CBE78-B114-43FB-938C-D434F3B9B359}.Release|Any CPU.ActiveCfg = Release|Any CPU
		{856CBE78-B114-43FB-938C-D434F3B9B359}.Release|Any CPU.Build.0 = Release|Any CPU
		{181EA50D-9642-46E7-86FC-6D62B7D186ED}.Debug|Any CPU.ActiveCfg = Debug|Any CPU
		{181EA50D-9642-46E7-86FC-6D62B7D186ED}.Debug|Any CPU.Build.0 = Debug|Any CPU
		{181EA50D-9642-46E7-86FC-6D62B7D186ED}.Release|Any CPU.ActiveCfg = Release|Any CPU
		{181EA50D-9642-46E7-86FC-6D62B7D186ED}.Release|Any CPU.Build.0 = Release|Any CPU
	EndGlobalSection
	GlobalSection(SolutionProperties) = preSolution
		HideSolutionNode = FALSE
	EndGlobalSection
	GlobalSection(ExtensibilityGlobals) = postSolution
		SolutionGuid = {5DE5EB28-337C-4E60-AD32-FA7D3F2196BD}
	EndGlobalSection
EndGlobal
